// !$*UTF8*$!
{
	archiveVersion = 1;
	classes = {
	};
	objectVersion = 46;
	objects = {

/* Begin PBXBuildFile section */
		F75E3DB0171DAC020058079D /* UIKit.framework in Frameworks */ = {isa = PBXBuildFile; fileRef = F75E3DAF171DAC020058079D /* UIKit.framework */; };
		F75E3DB2171DAC020058079D /* Foundation.framework in Frameworks */ = {isa = PBXBuildFile; fileRef = F75E3DB1171DAC020058079D /* Foundation.framework */; };
		F75E3DB4171DAC020058079D /* CoreGraphics.framework in Frameworks */ = {isa = PBXBuildFile; fileRef = F75E3DB3171DAC020058079D /* CoreGraphics.framework */; };
		F75E3DBA171DAC020058079D /* InfoPlist.strings in Resources */ = {isa = PBXBuildFile; fileRef = F75E3DB8171DAC020058079D /* InfoPlist.strings */; };
		F75E3DBC171DAC020058079D /* main.m in Sources */ = {isa = PBXBuildFile; fileRef = F75E3DBB171DAC020058079D /* main.m */; };
		F75E3DC0171DAC020058079D /* AppDelegate.m in Sources */ = {isa = PBXBuildFile; fileRef = F75E3DBF171DAC020058079D /* AppDelegate.m */; };
		F75E3DC2171DAC020058079D /* Default.png in Resources */ = {isa = PBXBuildFile; fileRef = F75E3DC1171DAC020058079D /* Default.png */; };
		F75E3DC4171DAC020058079D /* Default@2x.png in Resources */ = {isa = PBXBuildFile; fileRef = F75E3DC3171DAC020058079D /* Default@2x.png */; };
		F75E3DC6171DAC020058079D /* Default-568h@2x.png in Resources */ = {isa = PBXBuildFile; fileRef = F75E3DC5171DAC020058079D /* Default-568h@2x.png */; };
		F7B64591190D63B500436D9C /* TFHpple.m in Sources */ = {isa = PBXBuildFile; fileRef = F7B6458C190D63B500436D9C /* TFHpple.m */; };
		F7B64592190D63B500436D9C /* TFHppleElement.m in Sources */ = {isa = PBXBuildFile; fileRef = F7B6458E190D63B500436D9C /* TFHppleElement.m */; };
		F7B64593190D63B500436D9C /* XPathQuery.m in Sources */ = {isa = PBXBuildFile; fileRef = F7B64590190D63B500436D9C /* XPathQuery.m */; };
		F7B64595190D63FF00436D9C /* libxml2.dylib in Frameworks */ = {isa = PBXBuildFile; fileRef = F7B64594190D63FF00436D9C /* libxml2.dylib */; };
		F7B76F5B190BCC3B0078E1CF /* RenderingController.mm in Sources */ = {isa = PBXBuildFile; fileRef = F7B76F58190BCC3B0078E1CF /* RenderingController.mm */; };
		F7B76F5C190BCC3B0078E1CF /* RenderingView.mm in Sources */ = {isa = PBXBuildFile; fileRef = F7B76F5A190BCC3B0078E1CF /* RenderingView.mm */; };
		F7B76F62190BCCE70078E1CF /* TextInputController.mm in Sources */ = {isa = PBXBuildFile; fileRef = F7B76F5F190BCCE70078E1CF /* TextInputController.mm */; };
		F7B76F63190BCCE70078E1CF /* TextInputView.mm in Sources */ = {isa = PBXBuildFile; fileRef = F7B76F61190BCCE70078E1CF /* TextInputView.mm */; };
		F7B76F69190BCFE20078E1CF /* HttpInputController.mm in Sources */ = {isa = PBXBuildFile; fileRef = F7B76F68190BCFE20078E1CF /* HttpInputController.mm */; };
		F7C7A6CD171FDD5B00F14C22 /* TextProcessor.cpp in Sources */ = {isa = PBXBuildFile; fileRef = F7C7A6CB171FDD5B00F14C22 /* TextProcessor.cpp */; };
		F7C7A6CF171FE0B000F14C22 /* libc++.dylib in Frameworks */ = {isa = PBXBuildFile; fileRef = F7C7A6CE171FE0B000F14C22 /* libc++.dylib */; };
		F7CDC1CB190E7E3A0089433C /* UrlConnectionManager.m in Sources */ = {isa = PBXBuildFile; fileRef = F7CDC1CA190E7E3A0089433C /* UrlConnectionManager.m */; };
		F7CDC1D1190E9D3B0089433C /* Bitmap.cpp in Sources */ = {isa = PBXBuildFile; fileRef = F7CDC1CD190E9D3B0089433C /* Bitmap.cpp */; };
		F7CDC1D2190E9D3B0089433C /* MIRect.cpp in Sources */ = {isa = PBXBuildFile; fileRef = F7CDC1CF190E9D3B0089433C /* MIRect.cpp */; };
/* End PBXBuildFile section */

/* Begin PBXFileReference section */
		F75E3DAC171DAC020058079D /* Wordle.app */ = {isa = PBXFileReference; explicitFileType = wrapper.application; includeInIndex = 0; path = Wordle.app; sourceTree = BUILT_PRODUCTS_DIR; };
		F75E3DAF171DAC020058079D /* UIKit.framework */ = {isa = PBXFileReference; lastKnownFileType = wrapper.framework; name = UIKit.framework; path = System/Library/Frameworks/UIKit.framework; sourceTree = SDKROOT; };
		F75E3DB1171DAC020058079D /* Foundation.framework */ = {isa = PBXFileReference; lastKnownFileType = wrapper.framework; name = Foundation.framework; path = System/Library/Frameworks/Foundation.framework; sourceTree = SDKROOT; };
		F75E3DB3171DAC020058079D /* CoreGraphics.framework */ = {isa = PBXFileReference; lastKnownFileType = wrapper.framework; name = CoreGraphics.framework; path = System/Library/Frameworks/CoreGraphics.framework; sourceTree = SDKROOT; };
		F75E3DB7171DAC020058079D /* Wordle-Info.plist */ = {isa = PBXFileReference; lastKnownFileType = text.plist.xml; path = "Wordle-Info.plist"; sourceTree = "<group>"; };
		F75E3DB9171DAC020058079D /* en */ = {isa = PBXFileReference; lastKnownFileType = text.plist.strings; name = en; path = en.lproj/InfoPlist.strings; sourceTree = "<group>"; };
		F75E3DBB171DAC020058079D /* main.m */ = {isa = PBXFileReference; lastKnownFileType = sourcecode.c.objc; path = main.m; sourceTree = "<group>"; };
		F75E3DBD171DAC020058079D /* Wordle-Prefix.pch */ = {isa = PBXFileReference; lastKnownFileType = sourcecode.c.h; path = "Wordle-Prefix.pch"; sourceTree = "<group>"; };
		F75E3DBE171DAC020058079D /* AppDelegate.h */ = {isa = PBXFileReference; lastKnownFileType = sourcecode.c.h; path = AppDelegate.h; sourceTree = "<group>"; };
		F75E3DBF171DAC020058079D /* AppDelegate.m */ = {isa = PBXFileReference; explicitFileType = sourcecode.cpp.objcpp; path = AppDelegate.m; sourceTree = "<group>"; };
		F75E3DC1171DAC020058079D /* Default.png */ = {isa = PBXFileReference; lastKnownFileType = image.png; path = Default.png; sourceTree = "<group>"; };
		F75E3DC3171DAC020058079D /* Default@2x.png */ = {isa = PBXFileReference; lastKnownFileType = image.png; path = "Default@2x.png"; sourceTree = "<group>"; };
		F75E3DC5171DAC020058079D /* Default-568h@2x.png */ = {isa = PBXFileReference; lastKnownFileType = image.png; path = "Default-568h@2x.png"; sourceTree = "<group>"; };
		F7B6458B190D63B500436D9C /* TFHpple.h */ = {isa = PBXFileReference; fileEncoding = 4; lastKnownFileType = sourcecode.c.h; path = TFHpple.h; sourceTree = "<group>"; };
		F7B6458C190D63B500436D9C /* TFHpple.m */ = {isa = PBXFileReference; fileEncoding = 4; lastKnownFileType = sourcecode.c.objc; path = TFHpple.m; sourceTree = "<group>"; };
		F7B6458D190D63B500436D9C /* TFHppleElement.h */ = {isa = PBXFileReference; fileEncoding = 4; lastKnownFileType = sourcecode.c.h; path = TFHppleElement.h; sourceTree = "<group>"; };
		F7B6458E190D63B500436D9C /* TFHppleElement.m */ = {isa = PBXFileReference; fileEncoding = 4; lastKnownFileType = sourcecode.c.objc; path = TFHppleElement.m; sourceTree = "<group>"; };
		F7B6458F190D63B500436D9C /* XPathQuery.h */ = {isa = PBXFileReference; fileEncoding = 4; lastKnownFileType = sourcecode.c.h; path = XPathQuery.h; sourceTree = "<group>"; };
		F7B64590190D63B500436D9C /* XPathQuery.m */ = {isa = PBXFileReference; fileEncoding = 4; lastKnownFileType = sourcecode.c.objc; path = XPathQuery.m; sourceTree = "<group>"; };
		F7B64594190D63FF00436D9C /* libxml2.dylib */ = {isa = PBXFileReference; lastKnownFileType = "compiled.mach-o.dylib"; name = libxml2.dylib; path = usr/lib/libxml2.dylib; sourceTree = SDKROOT; };
		F7B76F57190BCC3B0078E1CF /* RenderingController.h */ = {isa = PBXFileReference; fileEncoding = 4; lastKnownFileType = sourcecode.c.h; path = RenderingController.h; sourceTree = "<group>"; };
		F7B76F58190BCC3B0078E1CF /* RenderingController.mm */ = {isa = PBXFileReference; fileEncoding = 4; lastKnownFileType = sourcecode.cpp.objcpp; path = RenderingController.mm; sourceTree = "<group>"; };
		F7B76F59190BCC3B0078E1CF /* RenderingView.h */ = {isa = PBXFileReference; fileEncoding = 4; lastKnownFileType = sourcecode.c.h; path = RenderingView.h; sourceTree = "<group>"; };
		F7B76F5A190BCC3B0078E1CF /* RenderingView.mm */ = {isa = PBXFileReference; fileEncoding = 4; lastKnownFileType = sourcecode.cpp.objcpp; path = RenderingView.mm; sourceTree = "<group>"; };
		F7B76F5E190BCCE70078E1CF /* TextInputController.h */ = {isa = PBXFileReference; fileEncoding = 4; lastKnownFileType = sourcecode.c.h; path = TextInputController.h; sourceTree = "<group>"; };
		F7B76F5F190BCCE70078E1CF /* TextInputController.mm */ = {isa = PBXFileReference; fileEncoding = 4; lastKnownFileType = sourcecode.cpp.objcpp; path = TextInputController.mm; sourceTree = "<group>"; };
		F7B76F60190BCCE70078E1CF /* TextInputView.h */ = {isa = PBXFileReference; fileEncoding = 4; lastKnownFileType = sourcecode.c.h; path = TextInputView.h; sourceTree = "<group>"; };
		F7B76F61190BCCE70078E1CF /* TextInputView.mm */ = {isa = PBXFileReference; fileEncoding = 4; lastKnownFileType = sourcecode.cpp.objcpp; path = TextInputView.mm; sourceTree = "<group>"; };
		F7B76F67190BCFE20078E1CF /* HttpInputController.h */ = {isa = PBXFileReference; fileEncoding = 4; lastKnownFileType = sourcecode.c.h; path = HttpInputController.h; sourceTree = "<group>"; };
		F7B76F68190BCFE20078E1CF /* HttpInputController.mm */ = {isa = PBXFileReference; fileEncoding = 4; lastKnownFileType = sourcecode.cpp.objcpp; path = HttpInputController.mm; sourceTree = "<group>"; };
		F7C7A6CB171FDD5B00F14C22 /* TextProcessor.cpp */ = {isa = PBXFileReference; fileEncoding = 4; lastKnownFileType = sourcecode.cpp.cpp; path = TextProcessor.cpp; sourceTree = "<group>"; };
		F7C7A6CC171FDD5B00F14C22 /* TextProcessor.h */ = {isa = PBXFileReference; explicitFileType = sourcecode.cpp.h; fileEncoding = 4; path = TextProcessor.h; sourceTree = "<group>"; };
		F7C7A6CE171FE0B000F14C22 /* libc++.dylib */ = {isa = PBXFileReference; lastKnownFileType = "compiled.mach-o.dylib"; name = "libc++.dylib"; path = "usr/lib/libc++.dylib"; sourceTree = SDKROOT; };
		F7CDC1C9190E7E3A0089433C /* UrlConnectionManager.h */ = {isa = PBXFileReference; fileEncoding = 4; lastKnownFileType = sourcecode.c.h; path = UrlConnectionManager.h; sourceTree = "<group>"; };
		F7CDC1CA190E7E3A0089433C /* UrlConnectionManager.m */ = {isa = PBXFileReference; fileEncoding = 4; lastKnownFileType = sourcecode.c.objc; path = UrlConnectionManager.m; sourceTree = "<group>"; };
		F7CDC1CD190E9D3B0089433C /* Bitmap.cpp */ = {isa = PBXFileReference; fileEncoding = 4; lastKnownFileType = sourcecode.cpp.cpp; path = Bitmap.cpp; sourceTree = "<group>"; };
		F7CDC1CE190E9D3B0089433C /* Bitmap.h */ = {isa = PBXFileReference; fileEncoding = 4; lastKnownFileType = sourcecode.c.h; path = Bitmap.h; sourceTree = "<group>"; };
		F7CDC1CF190E9D3B0089433C /* MIRect.cpp */ = {isa = PBXFileReference; fileEncoding = 4; lastKnownFileType = sourcecode.cpp.cpp; path = MIRect.cpp; sourceTree = "<group>"; };
		F7CDC1D0190E9D3B0089433C /* MIRect.h */ = {isa = PBXFileReference; fileEncoding = 4; lastKnownFileType = sourcecode.c.h; path = MIRect.h; sourceTree = "<group>"; };
/* End PBXFileReference section */

/* Begin PBXFrameworksBuildPhase section */
		F75E3DA9171DAC020058079D /* Frameworks */ = {
			isa = PBXFrameworksBuildPhase;
			buildActionMask = 2147483647;
			files = (
				F7B64595190D63FF00436D9C /* libxml2.dylib in Frameworks */,
				F7C7A6CF171FE0B000F14C22 /* libc++.dylib in Frameworks */,
				F75E3DB0171DAC020058079D /* UIKit.framework in Frameworks */,
				F75E3DB2171DAC020058079D /* Foundation.framework in Frameworks */,
				F75E3DB4171DAC020058079D /* CoreGraphics.framework in Frameworks */,
			);
			runOnlyForDeploymentPostprocessing = 0;
		};
/* End PBXFrameworksBuildPhase section */

/* Begin PBXGroup section */
		F71D992819EE0E0000998951 /* textprocessor */ = {
			isa = PBXGroup;
			children = (
				F7C7A6CC171FDD5B00F14C22 /* TextProcessor.h */,
				F7C7A6CB171FDD5B00F14C22 /* TextProcessor.cpp */,
			);
			name = textprocessor;
			sourceTree = "<group>";
		};
		F75E3DA3171DAC020058079D = {
			isa = PBXGroup;
			children = (
				F7C7A6CE171FE0B000F14C22 /* libc++.dylib */,
				F75E3DB5171DAC020058079D /* Wordle */,
				F75E3DAE171DAC020058079D /* Frameworks */,
				F75E3DAD171DAC020058079D /* Products */,
			);
			sourceTree = "<group>";
		};
		F75E3DAD171DAC020058079D /* Products */ = {
			isa = PBXGroup;
			children = (
				F75E3DAC171DAC020058079D /* Wordle.app */,
			);
			name = Products;
			sourceTree = "<group>";
		};
		F75E3DAE171DAC020058079D /* Frameworks */ = {
			isa = PBXGroup;
			children = (
				F7B64594190D63FF00436D9C /* libxml2.dylib */,
				F75E3DAF171DAC020058079D /* UIKit.framework */,
				F75E3DB1171DAC020058079D /* Foundation.framework */,
				F75E3DB3171DAC020058079D /* CoreGraphics.framework */,
			);
			name = Frameworks;
			sourceTree = "<group>";
		};
		F75E3DB5171DAC020058079D /* Wordle */ = {
			isa = PBXGroup;
			children = (
				F7B6458A190D63B500436D9C /* hpple */,
				F7CDC1CC190E9D3B0089433C /* bsp */,
				F7B76F5D190BCCE70078E1CF /* input */,
				F71D992819EE0E0000998951 /* textprocessor */,
				F7B76F56190BCC3B0078E1CF /* render */,
				F7CDC1C9190E7E3A0089433C /* UrlConnectionManager.h */,
				F7CDC1CA190E7E3A0089433C /* UrlConnectionManager.m */,
				F75E3DBE171DAC020058079D /* AppDelegate.h */,
				F75E3DBF171DAC020058079D /* AppDelegate.m */,
				F75E3DB6171DAC020058079D /* Supporting Files */,
			);
			path = Wordle;
			sourceTree = "<group>";
		};
		F75E3DB6171DAC020058079D /* Supporting Files */ = {
			isa = PBXGroup;
			children = (
				F75E3DB7171DAC020058079D /* Wordle-Info.plist */,
				F75E3DB8171DAC020058079D /* InfoPlist.strings */,
				F75E3DBB171DAC020058079D /* main.m */,
				F75E3DBD171DAC020058079D /* Wordle-Prefix.pch */,
				F75E3DC1171DAC020058079D /* Default.png */,
				F75E3DC3171DAC020058079D /* Default@2x.png */,
				F75E3DC5171DAC020058079D /* Default-568h@2x.png */,
			);
			name = "Supporting Files";
			sourceTree = "<group>";
		};
		F7B6458A190D63B500436D9C /* hpple */ = {
			isa = PBXGroup;
			children = (
				F7B6458B190D63B500436D9C /* TFHpple.h */,
				F7B6458C190D63B500436D9C /* TFHpple.m */,
				F7B6458D190D63B500436D9C /* TFHppleElement.h */,
				F7B6458E190D63B500436D9C /* TFHppleElement.m */,
				F7B6458F190D63B500436D9C /* XPathQuery.h */,
				F7B64590190D63B500436D9C /* XPathQuery.m */,
			);
			path = hpple;
			sourceTree = "<group>";
		};
		F7B76F56190BCC3B0078E1CF /* render */ = {
			isa = PBXGroup;
			children = (
				F7B76F57190BCC3B0078E1CF /* RenderingController.h */,
				F7B76F58190BCC3B0078E1CF /* RenderingController.mm */,
				F7B76F59190BCC3B0078E1CF /* RenderingView.h */,
				F7B76F5A190BCC3B0078E1CF /* RenderingView.mm */,
			);
			path = render;
			sourceTree = "<group>";
		};
		F7B76F5D190BCCE70078E1CF /* input */ = {
			isa = PBXGroup;
			children = (
				F7B76F67190BCFE20078E1CF /* HttpInputController.h */,
				F7B76F68190BCFE20078E1CF /* HttpInputController.mm */,
				F7B76F5E190BCCE70078E1CF /* TextInputController.h */,
				F7B76F5F190BCCE70078E1CF /* TextInputController.mm */,
				F7B76F60190BCCE70078E1CF /* TextInputView.h */,
				F7B76F61190BCCE70078E1CF /* TextInputView.mm */,
			);
			path = input;
			sourceTree = "<group>";
		};
		F7CDC1CC190E9D3B0089433C /* bsp */ = {
			isa = PBXGroup;
			children = (
				F7CDC1CE190E9D3B0089433C /* Bitmap.h */,
				F7CDC1CD190E9D3B0089433C /* Bitmap.cpp */,
				F7CDC1D0190E9D3B0089433C /* MIRect.h */,
				F7CDC1CF190E9D3B0089433C /* MIRect.cpp */,
			);
			path = bsp;
			sourceTree = "<group>";
		};
/* End PBXGroup section */

/* Begin PBXNativeTarget section */
		F75E3DAB171DAC020058079D /* Wordle */ = {
			isa = PBXNativeTarget;
			buildConfigurationList = F75E3DD2171DAC020058079D /* Build configuration list for PBXNativeTarget "Wordle" */;
			buildPhases = (
				F75E3DA8171DAC020058079D /* Sources */,
				F75E3DA9171DAC020058079D /* Frameworks */,
				F75E3DAA171DAC020058079D /* Resources */,
			);
			buildRules = (
			);
			dependencies = (
			);
			name = Wordle;
			productName = Wordle;
			productReference = F75E3DAC171DAC020058079D /* Wordle.app */;
			productType = "com.apple.product-type.application";
		};
/* End PBXNativeTarget section */

/* Begin PBXProject section */
		F75E3DA4171DAC020058079D /* Project object */ = {
			isa = PBXProject;
			attributes = {
				LastUpgradeCheck = 0460;
				ORGANIZATIONNAME = "Quan Xiaosha";
			};
			buildConfigurationList = F75E3DA7171DAC020058079D /* Build configuration list for PBXProject "Wordle" */;
			compatibilityVersion = "Xcode 3.2";
			developmentRegion = English;
			hasScannedForEncodings = 0;
			knownRegions = (
				en,
			);
			mainGroup = F75E3DA3171DAC020058079D;
			productRefGroup = F75E3DAD171DAC020058079D /* Products */;
			projectDirPath = "";
			projectRoot = "";
			targets = (
				F75E3DAB171DAC020058079D /* Wordle */,
			);
		};
/* End PBXProject section */

/* Begin PBXResourcesBuildPhase section */
		F75E3DAA171DAC020058079D /* Resources */ = {
			isa = PBXResourcesBuildPhase;
			buildActionMask = 2147483647;
			files = (
				F75E3DBA171DAC020058079D /* InfoPlist.strings in Resources */,
				F75E3DC2171DAC020058079D /* Default.png in Resources */,
				F75E3DC4171DAC020058079D /* Default@2x.png in Resources */,
				F75E3DC6171DAC020058079D /* Default-568h@2x.png in Resources */,
			);
			runOnlyForDeploymentPostprocessing = 0;
		};
/* End PBXResourcesBuildPhase section */

/* Begin PBXSourcesBuildPhase section */
		F75E3DA8171DAC020058079D /* Sources */ = {
			isa = PBXSourcesBuildPhase;
			buildActionMask = 2147483647;
			files = (
				F7B76F5B190BCC3B0078E1CF /* RenderingController.mm in Sources */,
				F7B76F63190BCCE70078E1CF /* TextInputView.mm in Sources */,
				F75E3DBC171DAC020058079D /* main.m in Sources */,
				F7B64592190D63B500436D9C /* TFHppleElement.m in Sources */,
				F7B76F5C190BCC3B0078E1CF /* RenderingView.mm in Sources */,
				F7B76F69190BCFE20078E1CF /* HttpInputController.mm in Sources */,
				F75E3DC0171DAC020058079D /* AppDelegate.m in Sources */,
				F7B64593190D63B500436D9C /* XPathQuery.m in Sources */,
				F7B64591190D63B500436D9C /* TFHpple.m in Sources */,
				F7CDC1D2190E9D3B0089433C /* MIRect.cpp in Sources */,
				F7C7A6CD171FDD5B00F14C22 /* TextProcessor.cpp in Sources */,
				F7CDC1CB190E7E3A0089433C /* UrlConnectionManager.m in Sources */,
				F7CDC1D1190E9D3B0089433C /* Bitmap.cpp in Sources */,
				F7B76F62190BCCE70078E1CF /* TextInputController.mm in Sources */,
			);
			runOnlyForDeploymentPostprocessing = 0;
		};
/* End PBXSourcesBuildPhase section */

/* Begin PBXVariantGroup section */
		F75E3DB8171DAC020058079D /* InfoPlist.strings */ = {
			isa = PBXVariantGroup;
			children = (
				F75E3DB9171DAC020058079D /* en */,
			);
			name = InfoPlist.strings;
			sourceTree = "<group>";
		};
/* End PBXVariantGroup section */

/* Begin XCBuildConfiguration section */
		F75E3DD0171DAC020058079D /* Debug */ = {
			isa = XCBuildConfiguration;
			buildSettings = {
				ALWAYS_SEARCH_USER_PATHS = NO;
				CLANG_CXX_LANGUAGE_STANDARD = "gnu++0x";
				CLANG_CXX_LIBRARY = "libc++";
				CLANG_WARN_CONSTANT_CONVERSION = YES;
				CLANG_WARN_EMPTY_BODY = YES;
				CLANG_WARN_ENUM_CONVERSION = YES;
				CLANG_WARN_INT_CONVERSION = YES;
				CLANG_WARN__DUPLICATE_METHOD_MATCH = YES;
				"CODE_SIGN_IDENTITY[sdk=iphoneos*]" = "iPhone Developer";
				COPY_PHASE_STRIP = NO;
				GCC_C_LANGUAGE_STANDARD = gnu99;
				GCC_DYNAMIC_NO_PIC = NO;
				GCC_OPTIMIZATION_LEVEL = 0;
				GCC_PREPROCESSOR_DEFINITIONS = (
					"DEBUG=1",
					"$(inherited)",
				);
				GCC_SYMBOLS_PRIVATE_EXTERN = NO;
				GCC_WARN_ABOUT_RETURN_TYPE = YES;
				GCC_WARN_UNINITIALIZED_AUTOS = YES;
				GCC_WARN_UNUSED_VARIABLE = YES;
				IPHONEOS_DEPLOYMENT_TARGET = 6.1;
				ONLY_ACTIVE_ARCH = YES;
				SDKROOT = iphoneos;
				TARGETED_DEVICE_FAMILY = "1,2";
			};
			name = Debug;
		};
		F75E3DD1171DAC020058079D /* Release */ = {
			isa = XCBuildConfiguration;
			buildSettings = {
				ALWAYS_SEARCH_USER_PATHS = NO;
				CLANG_CXX_LANGUAGE_STANDARD = "gnu++0x";
				CLANG_CXX_LIBRARY = "libc++";
				CLANG_WARN_CONSTANT_CONVERSION = YES;
				CLANG_WARN_EMPTY_BODY = YES;
				CLANG_WARN_ENUM_CONVERSION = YES;
				CLANG_WARN_INT_CONVERSION = YES;
				CLANG_WARN__DUPLICATE_METHOD_MATCH = YES;
				"CODE_SIGN_IDENTITY[sdk=iphoneos*]" = "iPhone Developer";
				COPY_PHASE_STRIP = YES;
				GCC_C_LANGUAGE_STANDARD = gnu99;
				GCC_WARN_ABOUT_RETURN_TYPE = YES;
				GCC_WARN_UNINITIALIZED_AUTOS = YES;
				GCC_WARN_UNUSED_VARIABLE = YES;
				IPHONEOS_DEPLOYMENT_TARGET = 6.1;
				OTHER_CFLAGS = "-DNS_BLOCK_ASSERTIONS=1";
				SDKROOT = iphoneos;
				TARGETED_DEVICE_FAMILY = "1,2";
				VALIDATE_PRODUCT = YES;
			};
			name = Release;
		};
		F75E3DD3171DAC020058079D /* Debug */ = {
			isa = XCBuildConfiguration;
			buildSettings = {
				GCC_PRECOMPILE_PREFIX_HEADER = YES;
				GCC_PREFIX_HEADER = "Wordle/Wordle-Prefix.pch";
				HEADER_SEARCH_PATHS = (
					"$(inherited)",
					/Applications/Xcode.app/Contents/Developer/Toolchains/XcodeDefault.xctoolchain/usr/include,
					"$(SDKROOT)/usr/include/libxml2",
				);
				INFOPLIST_FILE = "Wordle/Wordle-Info.plist";
				PRODUCT_NAME = "$(TARGET_NAME)";
				WRAPPER_EXTENSION = app;
			};
			name = Debug;
		};
		F75E3DD4171DAC020058079D /* Release */ = {
			isa = XCBuildConfiguration;
			buildSettings = {
				GCC_PRECOMPILE_PREFIX_HEADER = YES;
				GCC_PREFIX_HEADER = "Wordle/Wordle-Prefix.pch";
				HEADER_SEARCH_PATHS = (
					"$(inherited)",
					/Applications/Xcode.app/Contents/Developer/Toolchains/XcodeDefault.xctoolchain/usr/include,
					"$(SDKROOT)/usr/include/libxml2",
				);
				INFOPLIST_FILE = "Wordle/Wordle-Info.plist";
				PRODUCT_NAME = "$(TARGET_NAME)";
				WRAPPER_EXTENSION = app;
			};
			name = Release;
		};
/* End XCBuildConfiguration section */

/* Begin XCConfigurationList section */
		F75E3DA7171DAC020058079D /* Build configuration list for PBXProject "Wordle" */ = {
			isa = XCConfigurationList;
			buildConfigurations = (
				F75E3DD0171DAC020058079D /* Debug */,
				F75E3DD1171DAC020058079D /* Release */,
			);
			defaultConfigurationIsVisible = 0;
			defaultConfigurationName = Release;
		};
		F75E3DD2171DAC020058079D /* Build configuration list for PBXNativeTarget "Wordle" */ = {
			isa = XCConfigurationList;
			buildConfigurations = (
				F75E3DD3171DAC020058079D /* Debug */,
				F75E3DD4171DAC020058079D /* Release */,
			);
			defaultConfigurationIsVisible = 0;
			defaultConfigurationName = Release;
		};
/* End XCConfigurationList section */
	};
	rootObject = F75E3DA4171DAC020058079D /* Project object */;
}
