// !$*UTF8*$!
{
	archiveVersion = 1;
	classes = {
	};
	objectVersion = 46;
	objects = {

/* Begin PBXBuildFile section */
		F716B0B61A4171F800BEADF9 /* AnimatedContentsDisplayLayer.m in Sources */ = {isa = PBXBuildFile; fileRef = F716B0B51A4171F800BEADF9 /* AnimatedContentsDisplayLayer.m */; };
		F75E3DB0171DAC020058079D /* UIKit.framework in Frameworks */ = {isa = PBXBuildFile; fileRef = F75E3DAF171DAC020058079D /* UIKit.framework */; };
		F75E3DB2171DAC020058079D /* Foundation.framework in Frameworks */ = {isa = PBXBuildFile; fileRef = F75E3DB1171DAC020058079D /* Foundation.framework */; };
		F75E3DB4171DAC020058079D /* CoreGraphics.framework in Frameworks */ = {isa = PBXBuildFile; fileRef = F75E3DB3171DAC020058079D /* CoreGraphics.framework */; };
		F75E3DBA171DAC020058079D /* InfoPlist.strings in Resources */ = {isa = PBXBuildFile; fileRef = F75E3DB8171DAC020058079D /* InfoPlist.strings */; };
		F75E3DBC171DAC020058079D /* main.m in Sources */ = {isa = PBXBuildFile; fileRef = F75E3DBB171DAC020058079D /* main.m */; };
		F75E3DC0171DAC020058079D /* AppDelegate.m in Sources */ = {isa = PBXBuildFile; fileRef = F75E3DBF171DAC020058079D /* AppDelegate.m */; };
		F75E3DC2171DAC020058079D /* Default.png in Resources */ = {isa = PBXBuildFile; fileRef = F75E3DC1171DAC020058079D /* Default.png */; };
		F75E3DC4171DAC020058079D /* Default@2x.png in Resources */ = {isa = PBXBuildFile; fileRef = F75E3DC3171DAC020058079D /* Default@2x.png */; };
		F75E3DC6171DAC020058079D /* Default-568h@2x.png in Resources */ = {isa = PBXBuildFile; fileRef = F75E3DC5171DAC020058079D /* Default-568h@2x.png */; };
		F7B64591190D63B500436D9C /* TFHpple.m in Sources */ = {isa = PBXBuildFile; fileRef = F7B6458C190D63B500436D9C /* TFHpple.m */; };
		F7B64592190D63B500436D9C /* TFHppleElement.m in Sources */ = {isa = PBXBuildFile; fileRef = F7B6458E190D63B500436D9C /* TFHppleElement.m */; };
		F7B64593190D63B500436D9C /* XPathQuery.m in Sources */ = {isa = PBXBuildFile; fileRef = F7B64590190D63B500436D9C /* XPathQuery.m */; };
		F7B64595190D63FF00436D9C /* libxml2.dylib in Frameworks */ = {isa = PBXBuildFile; fileRef = F7B64594190D63FF00436D9C /* libxml2.dylib */; };
		F7B76F5B190BCC3B0078E1CF /* RenderingController.mm in Sources */ = {isa = PBXBuildFile; fileRef = F7B76F58190BCC3B0078E1CF /* RenderingController.mm */; };
		F7B76F69190BCFE20078E1CF /* HttpInputController.mm in Sources */ = {isa = PBXBuildFile; fileRef = F7B76F68190BCFE20078E1CF /* HttpInputController.mm */; };
		F7C7A6CD171FDD5B00F14C22 /* TextProcessor.cpp in Sources */ = {isa = PBXBuildFile; fileRef = F7C7A6CB171FDD5B00F14C22 /* TextProcessor.cpp */; };
		F7C7A6CF171FE0B000F14C22 /* libc++.dylib in Frameworks */ = {isa = PBXBuildFile; fileRef = F7C7A6CE171FE0B000F14C22 /* libc++.dylib */; };
		F7CDC1CB190E7E3A0089433C /* NetworkRunLoopThread.m in Sources */ = {isa = PBXBuildFile; fileRef = F7CDC1CA190E7E3A0089433C /* NetworkRunLoopThread.m */; };
		F7CDC1D1190E9D3B0089433C /* Bitmap.cpp in Sources */ = {isa = PBXBuildFile; fileRef = F7CDC1CD190E9D3B0089433C /* Bitmap.cpp */; };
		F7CDC1D2190E9D3B0089433C /* MIRect.cpp in Sources */ = {isa = PBXBuildFile; fileRef = F7CDC1CF190E9D3B0089433C /* MIRect.cpp */; };
		F9D01C79F0F9FEE24713E2EB /* libPods.a in Frameworks */ = {isa = PBXBuildFile; fileRef = 20BA9CEEA6AF0479E8922E5F /* libPods.a */; };
/* End PBXBuildFile section */

/* Begin PBXFileReference section */
		20BA9CEEA6AF0479E8922E5F /* libPods.a */ = {isa = PBXFileReference; explicitFileType = archive.ar; includeInIndex = 0; path = libPods.a; sourceTree = BUILT_PRODUCTS_DIR; };
		CC7002490500737AD11DA7A1 /* Pods.debug.xcconfig */ = {isa = PBXFileReference; includeInIndex = 1; lastKnownFileType = text.xcconfig; name = Pods.debug.xcconfig; path = "Pods/Target Support Files/Pods/Pods.debug.xcconfig"; sourceTree = "<group>"; };
		F716B0B41A4171F800BEADF9 /* AnimatedContentsDisplayLayer.h */ = {isa = PBXFileReference; fileEncoding = 4; lastKnownFileType = sourcecode.c.h; name = AnimatedContentsDisplayLayer.h; path = render/AnimatedContentsDisplayLayer.h; sourceTree = "<group>"; };
		F716B0B51A4171F800BEADF9 /* AnimatedContentsDisplayLayer.m */ = {isa = PBXFileReference; fileEncoding = 4; lastKnownFileType = sourcecode.c.objc; name = AnimatedContentsDisplayLayer.m; path = render/AnimatedContentsDisplayLayer.m; sourceTree = "<group>"; };
		F75E3DAC171DAC020058079D /* Wordle.app */ = {isa = PBXFileReference; explicitFileType = wrapper.application; includeInIndex = 0; path = Wordle.app; sourceTree = BUILT_PRODUCTS_DIR; };
		F75E3DAF171DAC020058079D /* UIKit.framework */ = {isa = PBXFileReference; lastKnownFileType = wrapper.framework; name = UIKit.framework; path = System/Library/Frameworks/UIKit.framework; sourceTree = SDKROOT; };
		F75E3DB1171DAC020058079D /* Foundation.framework */ = {isa = PBXFileReference; lastKnownFileType = wrapper.framework; name = Foundation.framework; path = System/Library/Frameworks/Foundation.framework; sourceTree = SDKROOT; };
		F75E3DB3171DAC020058079D /* CoreGraphics.framework */ = {isa = PBXFileReference; lastKnownFileType = wrapper.framework; name = CoreGraphics.framework; path = System/Library/Frameworks/CoreGraphics.framework; sourceTree = SDKROOT; };
		F75E3DB7171DAC020058079D /* Wordle-Info.plist */ = {isa = PBXFileReference; lastKnownFileType = text.plist.xml; path = "Wordle-Info.plist"; sourceTree = "<group>"; };
		F75E3DB9171DAC020058079D /* en */ = {isa = PBXFileReference; lastKnownFileType = text.plist.strings; name = en; path = en.lproj/InfoPlist.strings; sourceTree = "<group>"; };
		F75E3DBB171DAC020058079D /* main.m */ = {isa = PBXFileReference; lastKnownFileType = sourcecode.c.objc; path = main.m; sourceTree = "<group>"; };
		F75E3DBD171DAC020058079D /* Wordle-Prefix.pch */ = {isa = PBXFileReference; lastKnownFileType = sourcecode.c.h; path = "Wordle-Prefix.pch"; sourceTree = "<group>"; };
		F75E3DBE171DAC020058079D /* AppDelegate.h */ = {isa = PBXFileReference; lastKnownFileType = sourcecode.c.h; path = AppDelegate.h; sourceTree = "<group>"; };
		F75E3DBF171DAC020058079D /* AppDelegate.m */ = {isa = PBXFileReference; explicitFileType = sourcecode.cpp.objcpp; path = AppDelegate.m; sourceTree = "<group>"; };
		F75E3DC1171DAC020058079D /* Default.png */ = {isa = PBXFileReference; lastKnownFileType = image.png; path = Default.png; sourceTree = "<group>"; };
		F75E3DC3171DAC020058079D /* Default@2x.png */ = {isa = PBXFileReference; lastKnownFileType = image.png; path = "Default@2x.png"; sourceTree = "<group>"; };
		F75E3DC5171DAC020058079D /* Default-568h@2x.png */ = {isa = PBXFileReference; lastKnownFileType = image.png; path = "Default-568h@2x.png"; sourceTree = "<group>"; };
		F7B6458B190D63B500436D9C /* TFHpple.h */ = {isa = PBXFileReference; fileEncoding = 4; lastKnownFileType = sourcecode.c.h; path = TFHpple.h; sourceTree = "<group>"; };
		F7B6458C190D63B500436D9C /* TFHpple.m */ = {isa = PBXFileReference; fileEncoding = 4; lastKnownFileType = sourcecode.c.objc; path = TFHpple.m; sourceTree = "<group>"; };
		F7B6458D190D63B500436D9C /* TFHppleElement.h */ = {isa = PBXFileReference; fileEncoding = 4; lastKnownFileType = sourcecode.c.h; path = TFHppleElement.h; sourceTree = "<group>"; };
		F7B6458E190D63B500436D9C /* TFHppleElement.m */ = {isa = PBXFileReference; fileEncoding = 4; lastKnownFileType = sourcecode.c.objc; path = TFHppleElement.m; sourceTree = "<group>"; };
		F7B6458F190D63B500436D9C /* XPathQuery.h */ = {isa = PBXFileReference; fileEncoding = 4; lastKnownFileType = sourcecode.c.h; path = XPathQuery.h; sourceTree = "<group>"; };
		F7B64590190D63B500436D9C /* XPathQuery.m */ = {isa = PBXFileReference; fileEncoding = 4; lastKnownFileType = sourcecode.c.objc; path = XPathQuery.m; sourceTree = "<group>"; };
		F7B64594190D63FF00436D9C /* libxml2.dylib */ = {isa = PBXFileReference; lastKnownFileType = "compiled.mach-o.dylib"; name = libxml2.dylib; path = usr/lib/libxml2.dylib; sourceTree = SDKROOT; };
		F7B76F57190BCC3B0078E1CF /* RenderingController.h */ = {isa = PBXFileReference; fileEncoding = 4; lastKnownFileType = sourcecode.c.h; name = RenderingController.h; path = render/RenderingController.h; sourceTree = "<group>"; };
		F7B76F58190BCC3B0078E1CF /* RenderingController.mm */ = {isa = PBXFileReference; fileEncoding = 4; lastKnownFileType = sourcecode.cpp.objcpp; name = RenderingController.mm; path = render/RenderingController.mm; sourceTree = "<group>"; };
		F7B76F67190BCFE20078E1CF /* HttpInputController.h */ = {isa = PBXFileReference; fileEncoding = 4; lastKnownFileType = sourcecode.c.h; name = HttpInputController.h; path = input/HttpInputController.h; sourceTree = "<group>"; };
		F7B76F68190BCFE20078E1CF /* HttpInputController.mm */ = {isa = PBXFileReference; fileEncoding = 4; lastKnownFileType = sourcecode.cpp.objcpp; name = HttpInputController.mm; path = input/HttpInputController.mm; sourceTree = "<group>"; };
		F7C7A6CB171FDD5B00F14C22 /* TextProcessor.cpp */ = {isa = PBXFileReference; fileEncoding = 4; lastKnownFileType = sourcecode.cpp.cpp; path = TextProcessor.cpp; sourceTree = "<group>"; };
		F7C7A6CC171FDD5B00F14C22 /* TextProcessor.h */ = {isa = PBXFileReference; explicitFileType = sourcecode.cpp.h; fileEncoding = 4; path = TextProcessor.h; sourceTree = "<group>"; };
		F7C7A6CE171FE0B000F14C22 /* libc++.dylib */ = {isa = PBXFileReference; lastKnownFileType = "compiled.mach-o.dylib"; name = "libc++.dylib"; path = "usr/lib/libc++.dylib"; sourceTree = SDKROOT; };
		F7CDC1C9190E7E3A0089433C /* NetworkRunLoopThread.h */ = {isa = PBXFileReference; fileEncoding = 4; lastKnownFileType = sourcecode.c.h; path = NetworkRunLoopThread.h; sourceTree = "<group>"; };
		F7CDC1CA190E7E3A0089433C /* NetworkRunLoopThread.m */ = {isa = PBXFileReference; fileEncoding = 4; lastKnownFileType = sourcecode.c.objc; path = NetworkRunLoopThread.m; sourceTree = "<group>"; };
		F7CDC1CD190E9D3B0089433C /* Bitmap.cpp */ = {isa = PBXFileReference; fileEncoding = 4; lastKnownFileType = sourcecode.cpp.cpp; name = Bitmap.cpp; path = bsp/Bitmap.cpp; sourceTree = "<group>"; };
		F7CDC1CE190E9D3B0089433C /* Bitmap.h */ = {isa = PBXFileReference; fileEncoding = 4; lastKnownFileType = sourcecode.c.h; name = Bitmap.h; path = bsp/Bitmap.h; sourceTree = "<group>"; };
		F7CDC1CF190E9D3B0089433C /* MIRect.cpp */ = {isa = PBXFileReference; fileEncoding = 4; lastKnownFileType = sourcecode.cpp.cpp; name = MIRect.cpp; path = bsp/MIRect.cpp; sourceTree = "<group>"; };
		F7CDC1D0190E9D3B0089433C /* MIRect.h */ = {isa = PBXFileReference; fileEncoding = 4; lastKnownFileType = sourcecode.c.h; name = MIRect.h; path = bsp/MIRect.h; sourceTree = "<group>"; };
		FBF4E218B68BC75B53532D36 /* Pods.release.xcconfig */ = {isa = PBXFileReference; includeInIndex = 1; lastKnownFileType = text.xcconfig; name = Pods.release.xcconfig; path = "Pods/Target Support Files/Pods/Pods.release.xcconfig"; sourceTree = "<group>"; };
/* End PBXFileReference section */

/* Begin PBXFrameworksBuildPhase section */
		F75E3DA9171DAC020058079D /* Frameworks */ = {
			isa = PBXFrameworksBuildPhase;
			buildActionMask = 2147483647;
			files = (
				F7B64595190D63FF00436D9C /* libxml2.dylib in Frameworks */,
				F7C7A6CF171FE0B000F14C22 /* libc++.dylib in Frameworks */,
				F75E3DB0171DAC020058079D /* UIKit.framework in Frameworks */,
				F75E3DB2171DAC020058079D /* Foundation.framework in Frameworks */,
				F75E3DB4171DAC020058079D /* CoreGraphics.framework in Frameworks */,
				F9D01C79F0F9FEE24713E2EB /* libPods.a in Frameworks */,
			);
			runOnlyForDeploymentPostprocessing = 0;
		};
/* End PBXFrameworksBuildPhase section */

/* Begin PBXGroup section */
		C992ABADEAE878326AAE3668 /* Pods */ = {
			isa = PBXGroup;
			children = (
				CC7002490500737AD11DA7A1 /* Pods.debug.xcconfig */,
				FBF4E218B68BC75B53532D36 /* Pods.release.xcconfig */,
			);
			name = Pods;
			sourceTree = "<group>";
		};
		F75E3DA3171DAC020058079D = {
			isa = PBXGroup;
			children = (
				F7C7A6CE171FE0B000F14C22 /* libc++.dylib */,
				F75E3DB5171DAC020058079D /* Wordle */,
				F75E3DAE171DAC020058079D /* Frameworks */,
				F75E3DAD171DAC020058079D /* Products */,
				C992ABADEAE878326AAE3668 /* Pods */,
			);
			sourceTree = "<group>";
		};
		F75E3DAD171DAC020058079D /* Products */ = {
			isa = PBXGroup;
			children = (
				F75E3DAC171DAC020058079D /* Wordle.app */,
			);
			name = Products;
			sourceTree = "<group>";
		};
		F75E3DAE171DAC020058079D /* Frameworks */ = {
			isa = PBXGroup;
			children = (
				F7B64594190D63FF00436D9C /* libxml2.dylib */,
				F75E3DAF171DAC020058079D /* UIKit.framework */,
				F75E3DB1171DAC020058079D /* Foundation.framework */,
				F75E3DB3171DAC020058079D /* CoreGraphics.framework */,
				20BA9CEEA6AF0479E8922E5F /* libPods.a */,
			);
			name = Frameworks;
			sourceTree = "<group>";
		};
		F75E3DB5171DAC020058079D /* Wordle */ = {
			isa = PBXGroup;
			children = (
				F7B6458A190D63B500436D9C /* hpple */,
				F7CDC1CE190E9D3B0089433C /* Bitmap.h */,
				F7CDC1CD190E9D3B0089433C /* Bitmap.cpp */,
				F7CDC1D0190E9D3B0089433C /* MIRect.h */,
				F7CDC1CF190E9D3B0089433C /* MIRect.cpp */,
				F7C7A6CC171FDD5B00F14C22 /* TextProcessor.h */,
				F7C7A6CB171FDD5B00F14C22 /* TextProcessor.cpp */,
				F7B76F67190BCFE20078E1CF /* HttpInputController.h */,
				F7B76F68190BCFE20078E1CF /* HttpInputController.mm */,
				F7B76F57190BCC3B0078E1CF /* RenderingController.h */,
				F7B76F58190BCC3B0078E1CF /* RenderingController.mm */,
				F7CDC1C9190E7E3A0089433C /* NetworkRunLoopThread.h */,
				F7CDC1CA190E7E3A0089433C /* NetworkRunLoopThread.m */,
				F716B0B41A4171F800BEADF9 /* AnimatedContentsDisplayLayer.h */,
				F716B0B51A4171F800BEADF9 /* AnimatedContentsDisplayLayer.m */,
				F75E3DB6171DAC020058079D /* Supporting Files */,
			);
			path = Wordle;
			sourceTree = "<group>";
		};
		F75E3DB6171DAC020058079D /* Supporting Files */ = {
			isa = PBXGroup;
			children = (
				F75E3DBE171DAC020058079D /* AppDelegate.h */,
				F75E3DBF171DAC020058079D /* AppDelegate.m */,
				F75E3DB7171DAC020058079D /* Wordle-Info.plist */,
				F75E3DB8171DAC020058079D /* InfoPlist.strings */,
				F75E3DBB171DAC020058079D /* main.m */,
				F75E3DBD171DAC020058079D /* Wordle-Prefix.pch */,
				F75E3DC1171DAC020058079D /* Default.png */,
				F75E3DC3171DAC020058079D /* Default@2x.png */,
				F75E3DC5171DAC020058079D /* Default-568h@2x.png */,
			);
			name = "Supporting Files";
			sourceTree = "<group>";
		};
		F7B6458A190D63B500436D9C /* hpple */ = {
			isa = PBXGroup;
			children = (
				F7B6458B190D63B500436D9C /* TFHpple.h */,
				F7B6458C190D63B500436D9C /* TFHpple.m */,
				F7B6458D190D63B500436D9C /* TFHppleElement.h */,
				F7B6458E190D63B500436D9C /* TFHppleElement.m */,
				F7B6458F190D63B500436D9C /* XPathQuery.h */,
				F7B64590190D63B500436D9C /* XPathQuery.m */,
			);
			path = hpple;
			sourceTree = "<group>";
		};
/* End PBXGroup section */

/* Begin PBXNativeTarget section */
		F75E3DAB171DAC020058079D /* Wordle */ = {
			isa = PBXNativeTarget;
			buildConfigurationList = F75E3DD2171DAC020058079D /* Build configuration list for PBXNativeTarget "Wordle" */;
			buildPhases = (
				19CF1FCCC74B1FFACDE19400 /* Check Pods Manifest.lock */,
				F75E3DA8171DAC020058079D /* Sources */,
				F75E3DA9171DAC020058079D /* Frameworks */,
				F75E3DAA171DAC020058079D /* Resources */,
				22E81721925F7C053AD79B67 /* Copy Pods Resources */,
			);
			buildRules = (
			);
			dependencies = (
			);
			name = Wordle;
			productName = Wordle;
			productReference = F75E3DAC171DAC020058079D /* Wordle.app */;
			productType = "com.apple.product-type.application";
		};
/* End PBXNativeTarget section */

/* Begin PBXProject section */
		F75E3DA4171DAC020058079D /* Project object */ = {
			isa = PBXProject;
			attributes = {
				LastUpgradeCheck = 0460;
				ORGANIZATIONNAME = "Quan Xiaosha";
			};
			buildConfigurationList = F75E3DA7171DAC020058079D /* Build configuration list for PBXProject "Wordle" */;
			compatibilityVersion = "Xcode 3.2";
			developmentRegion = English;
			hasScannedForEncodings = 0;
			knownRegions = (
				en,
			);
			mainGroup = F75E3DA3171DAC020058079D;
			productRefGroup = F75E3DAD171DAC020058079D /* Products */;
			projectDirPath = "";
			projectRoot = "";
			targets = (
				F75E3DAB171DAC020058079D /* Wordle */,
			);
		};
/* End PBXProject section */

/* Begin PBXResourcesBuildPhase section */
		F75E3DAA171DAC020058079D /* Resources */ = {
			isa = PBXResourcesBuildPhase;
			buildActionMask = 2147483647;
			files = (
				F75E3DBA171DAC020058079D /* InfoPlist.strings in Resources */,
				F75E3DC2171DAC020058079D /* Default.png in Resources */,
				F75E3DC4171DAC020058079D /* Default@2x.png in Resources */,
				F75E3DC6171DAC020058079D /* Default-568h@2x.png in Resources */,
			);
			runOnlyForDeploymentPostprocessing = 0;
		};
/* End PBXResourcesBuildPhase section */

/* Begin PBXShellScriptBuildPhase section */
		19CF1FCCC74B1FFACDE19400 /* Check Pods Manifest.lock */ = {
			isa = PBXShellScriptBuildPhase;
			buildActionMask = 2147483647;
			files = (
			);
			inputPaths = (
			);
			name = "Check Pods Manifest.lock";
			outputPaths = (
			);
			runOnlyForDeploymentPostprocessing = 0;
			shellPath = /bin/sh;
			shellScript = "diff \"${PODS_ROOT}/../Podfile.lock\" \"${PODS_ROOT}/Manifest.lock\" > /dev/null\nif [[ $? != 0 ]] ; then\n    cat << EOM\nerror: The sandbox is not in sync with the Podfile.lock. Run 'pod install' or update your CocoaPods installation.\nEOM\n    exit 1\nfi\n";
			showEnvVarsInLog = 0;
		};
		22E81721925F7C053AD79B67 /* Copy Pods Resources */ = {
			isa = PBXShellScriptBuildPhase;
			buildActionMask = 2147483647;
			files = (
			);
			inputPaths = (
			);
			name = "Copy Pods Resources";
			outputPaths = (
			);
			runOnlyForDeploymentPostprocessing = 0;
			shellPath = /bin/sh;
			shellScript = "\"${SRCROOT}/Pods/Target Support Files/Pods/Pods-resources.sh\"\n";
			showEnvVarsInLog = 0;
		};
/* End PBXShellScriptBuildPhase section */

/* Begin PBXSourcesBuildPhase section */
		F75E3DA8171DAC020058079D /* Sources */ = {
			isa = PBXSourcesBuildPhase;
			buildActionMask = 2147483647;
			files = (
				F7B76F5B190BCC3B0078E1CF /* RenderingController.mm in Sources */,
				F75E3DBC171DAC020058079D /* main.m in Sources */,
				F7B64592190D63B500436D9C /* TFHppleElement.m in Sources */,
				F7B76F69190BCFE20078E1CF /* HttpInputController.mm in Sources */,
				F75E3DC0171DAC020058079D /* AppDelegate.m in Sources */,
				F7B64593190D63B500436D9C /* XPathQuery.m in Sources */,
				F7B64591190D63B500436D9C /* TFHpple.m in Sources */,
				F7CDC1D2190E9D3B0089433C /* MIRect.cpp in Sources */,
				F7C7A6CD171FDD5B00F14C22 /* TextProcessor.cpp in Sources */,
				F7CDC1CB190E7E3A0089433C /* NetworkRunLoopThread.m in Sources */,
				F716B0B61A4171F800BEADF9 /* AnimatedContentsDisplayLayer.m in Sources */,
				F7CDC1D1190E9D3B0089433C /* Bitmap.cpp in Sources */,
			);
			runOnlyForDeploymentPostprocessing = 0;
		};
/* End PBXSourcesBuildPhase section */

/* Begin PBXVariantGroup section */
		F75E3DB8171DAC020058079D /* InfoPlist.strings */ = {
			isa = PBXVariantGroup;
			children = (
				F75E3DB9171DAC020058079D /* en */,
			);
			name = InfoPlist.strings;
			sourceTree = "<group>";
		};
/* End PBXVariantGroup section */

/* Begin XCBuildConfiguration section */
		F75E3DD0171DAC020058079D /* Debug */ = {
			isa = XCBuildConfiguration;
			buildSettings = {
				ALWAYS_SEARCH_USER_PATHS = NO;
				CLANG_CXX_LANGUAGE_STANDARD = "gnu++0x";
				CLANG_CXX_LIBRARY = "libc++";
				CLANG_ENABLE_OBJC_ARC = YES;
				CLANG_WARN_CONSTANT_CONVERSION = YES;
				CLANG_WARN_EMPTY_BODY = YES;
				CLANG_WARN_ENUM_CONVERSION = YES;
				CLANG_WARN_INT_CONVERSION = YES;
				CLANG_WARN__DUPLICATE_METHOD_MATCH = YES;
				"CODE_SIGN_IDENTITY[sdk=iphoneos*]" = "iPhone Developer";
				COPY_PHASE_STRIP = NO;
				GCC_C_LANGUAGE_STANDARD = gnu99;
				GCC_DYNAMIC_NO_PIC = NO;
				GCC_OPTIMIZATION_LEVEL = 0;
				GCC_PREPROCESSOR_DEFINITIONS = (
					"DEBUG=1",
					"$(inherited)",
				);
				GCC_SYMBOLS_PRIVATE_EXTERN = NO;
				GCC_WARN_ABOUT_RETURN_TYPE = YES;
				GCC_WARN_UNINITIALIZED_AUTOS = YES;
				GCC_WARN_UNUSED_VARIABLE = YES;
				IPHONEOS_DEPLOYMENT_TARGET = 6.1;
				ONLY_ACTIVE_ARCH = YES;
				SDKROOT = iphoneos;
				TARGETED_DEVICE_FAMILY = "1,2";
			};
			name = Debug;
		};
		F75E3DD1171DAC020058079D /* Release */ = {
			isa = XCBuildConfiguration;
			buildSettings = {
				ALWAYS_SEARCH_USER_PATHS = NO;
				CLANG_CXX_LANGUAGE_STANDARD = "gnu++0x";
				CLANG_CXX_LIBRARY = "libc++";
				CLANG_ENABLE_OBJC_ARC = YES;
				CLANG_WARN_CONSTANT_CONVERSION = YES;
				CLANG_WARN_EMPTY_BODY = YES;
				CLANG_WARN_ENUM_CONVERSION = YES;
				CLANG_WARN_INT_CONVERSION = YES;
				CLANG_WARN__DUPLICATE_METHOD_MATCH = YES;
				"CODE_SIGN_IDENTITY[sdk=iphoneos*]" = "iPhone Developer";
				COPY_PHASE_STRIP = YES;
				GCC_C_LANGUAGE_STANDARD = gnu99;
				GCC_WARN_ABOUT_RETURN_TYPE = YES;
				GCC_WARN_UNINITIALIZED_AUTOS = YES;
				GCC_WARN_UNUSED_VARIABLE = YES;
				IPHONEOS_DEPLOYMENT_TARGET = 6.1;
				OTHER_CFLAGS = "-DNS_BLOCK_ASSERTIONS=1";
				SDKROOT = iphoneos;
				TARGETED_DEVICE_FAMILY = "1,2";
				VALIDATE_PRODUCT = YES;
			};
			name = Release;
		};
		F75E3DD3171DAC020058079D /* Debug */ = {
			isa = XCBuildConfiguration;
			baseConfigurationReference = CC7002490500737AD11DA7A1 /* Pods.debug.xcconfig */;
			buildSettings = {
				GCC_PRECOMPILE_PREFIX_HEADER = YES;
				GCC_PREFIX_HEADER = "Wordle/Wordle-Prefix.pch";
				HEADER_SEARCH_PATHS = (
					"$(inherited)",
					/Applications/Xcode.app/Contents/Developer/Toolchains/XcodeDefault.xctoolchain/usr/include,
					"$(SDKROOT)/usr/include/libxml2",
				);
				INFOPLIST_FILE = "Wordle/Wordle-Info.plist";
				PRODUCT_NAME = "$(TARGET_NAME)";
				WRAPPER_EXTENSION = app;
			};
			name = Debug;
		};
		F75E3DD4171DAC020058079D /* Release */ = {
			isa = XCBuildConfiguration;
			baseConfigurationReference = FBF4E218B68BC75B53532D36 /* Pods.release.xcconfig */;
			buildSettings = {
				GCC_PRECOMPILE_PREFIX_HEADER = YES;
				GCC_PREFIX_HEADER = "Wordle/Wordle-Prefix.pch";
				HEADER_SEARCH_PATHS = (
					"$(inherited)",
					/Applications/Xcode.app/Contents/Developer/Toolchains/XcodeDefault.xctoolchain/usr/include,
					"$(SDKROOT)/usr/include/libxml2",
				);
				INFOPLIST_FILE = "Wordle/Wordle-Info.plist";
				PRODUCT_NAME = "$(TARGET_NAME)";
				WRAPPER_EXTENSION = app;
			};
			name = Release;
		};
/* End XCBuildConfiguration section */

/* Begin XCConfigurationList section */
		F75E3DA7171DAC020058079D /* Build configuration list for PBXProject "Wordle" */ = {
			isa = XCConfigurationList;
			buildConfigurations = (
				F75E3DD0171DAC020058079D /* Debug */,
				F75E3DD1171DAC020058079D /* Release */,
			);
			defaultConfigurationIsVisible = 0;
			defaultConfigurationName = Release;
		};
		F75E3DD2171DAC020058079D /* Build configuration list for PBXNativeTarget "Wordle" */ = {
			isa = XCConfigurationList;
			buildConfigurations = (
				F75E3DD3171DAC020058079D /* Debug */,
				F75E3DD4171DAC020058079D /* Release */,
			);
			defaultConfigurationIsVisible = 0;
			defaultConfigurationName = Release;
		};
/* End XCConfigurationList section */
	};
	rootObject = F75E3DA4171DAC020058079D /* Project object */;
}
